// !$*UTF8*$!
{
	archiveVersion = 1;
	classes = {
	};
	objectVersion = 46;
	objects = {

/* Begin PBXBuildFile section */
		092D2D5F1955BDD8004661C2 /* Foundation.framework in Frameworks */ = {isa = PBXBuildFile; fileRef = 092D2D5E1955BDD8004661C2 /* Foundation.framework */; };
		092D2D611955BDD8004661C2 /* CoreGraphics.framework in Frameworks */ = {isa = PBXBuildFile; fileRef = 092D2D601955BDD8004661C2 /* CoreGraphics.framework */; };
		092D2D631955BDD8004661C2 /* UIKit.framework in Frameworks */ = {isa = PBXBuildFile; fileRef = 092D2D621955BDD8004661C2 /* UIKit.framework */; };
		092D2D6B1955BDD8004661C2 /* main.m in Sources */ = {isa = PBXBuildFile; fileRef = 092D2D6A1955BDD8004661C2 /* main.m */; };
		092D2DAD1956DD51004661C2 /* Security.framework in Frameworks */ = {isa = PBXBuildFile; fileRef = 092D2DAC1956DD51004661C2 /* Security.framework */; };
		092D2DAF1956DD61004661C2 /* SystemConfiguration.framework in Frameworks */ = {isa = PBXBuildFile; fileRef = 092D2DAE1956DD61004661C2 /* SystemConfiguration.framework */; };
		092D2DB11956DDAB004661C2 /* MobileCoreServices.framework in Frameworks */ = {isa = PBXBuildFile; fileRef = 092D2DB01956DDAB004661C2 /* MobileCoreServices.framework */; };
		092D2DB319570055004661C2 /* GTMOAuth2ViewTouch.xib in Resources */ = {isa = PBXBuildFile; fileRef = 092D2DB219570055004661C2 /* GTMOAuth2ViewTouch.xib */; };
		092D2DB6195700C6004661C2 /* GTLDrive_Sources.m in Sources */ = {isa = PBXBuildFile; fileRef = 092D2DB5195700C6004661C2 /* GTLDrive_Sources.m */; };
		092D2DB9195701BE004661C2 /* GDVC.m in Sources */ = {isa = PBXBuildFile; fileRef = 092D2DB8195701BE004661C2 /* GDVC.m */; };
		092D2DCD19582BCC004661C2 /* GDAppDelegate.m in Sources */ = {isa = PBXBuildFile; fileRef = 092D2DC419582BCC004661C2 /* GDAppDelegate.m */; };
		092D2DD019582BCC004661C2 /* Images.xcassets in Resources */ = {isa = PBXBuildFile; fileRef = 092D2DC919582BCC004661C2 /* Images.xcassets */; };
		092D2DD319582CFC004661C2 /* libGTLTouchStaticLib.a in Frameworks */ = {isa = PBXBuildFile; fileRef = 092D2DA61955C947004661C2 /* libGTLTouchStaticLib.a */; };
		09A59330195830B400B723D6 /* APIKey.h in Headers */ = {isa = PBXBuildFile; fileRef = 09A5932F195830B400B723D6 /* APIKey.h */; };
/* End PBXBuildFile section */

/* Begin PBXContainerItemProxy section */
		092D2DA31955C947004661C2 /* PBXContainerItemProxy */ = {
			isa = PBXContainerItemProxy;
			containerPortal = 092D2D9C1955C947004661C2 /* GTL.xcodeproj */;
			proxyType = 2;
			remoteGlobalIDString = 4F38F6A60B66E91D00B24B81;
			remoteInfo = GTLFramework;
		};
		092D2DA51955C947004661C2 /* PBXContainerItemProxy */ = {
			isa = PBXContainerItemProxy;
			containerPortal = 092D2D9C1955C947004661C2 /* GTL.xcodeproj */;
			proxyType = 2;
			remoteGlobalIDString = 4F12027C11A4CA2F00BEB470;
			remoteInfo = GTLTouchStaticLib;
		};
		092D2DA71955C947004661C2 /* PBXContainerItemProxy */ = {
			isa = PBXContainerItemProxy;
			containerPortal = 092D2D9C1955C947004661C2 /* GTL.xcodeproj */;
			proxyType = 2;
			remoteGlobalIDString = 4F12027D11A4CA2F00BEB470;
			remoteInfo = GTLUnitTests;
		};
		092D2DA91955C947004661C2 /* PBXContainerItemProxy */ = {
			isa = PBXContainerItemProxy;
			containerPortal = 092D2D9C1955C947004661C2 /* GTL.xcodeproj */;
			proxyType = 2;
			remoteGlobalIDString = 4F1AD9020B71603F00DC0485;
			remoteInfo = DevelopmentTestTool;
		};
		092D2DBA195703B3004661C2 /* PBXContainerItemProxy */ = {
			isa = PBXContainerItemProxy;
			containerPortal = 092D2D9C1955C947004661C2 /* GTL.xcodeproj */;
			proxyType = 1;
			remoteGlobalIDString = 4F1C6E0E1027B3CE00B46459;
			remoteInfo = GTLTouchStaticLib;
		};
/* End PBXContainerItemProxy section */

/* Begin PBXFileReference section */
		092D2D5B1955BDD8004661C2 /* googleDriveAPI.app */ = {isa = PBXFileReference; explicitFileType = wrapper.application; includeInIndex = 0; path = googleDriveAPI.app; sourceTree = BUILT_PRODUCTS_DIR; };
		092D2D5E1955BDD8004661C2 /* Foundation.framework */ = {isa = PBXFileReference; lastKnownFileType = wrapper.framework; name = Foundation.framework; path = System/Library/Frameworks/Foundation.framework; sourceTree = SDKROOT; };
		092D2D601955BDD8004661C2 /* CoreGraphics.framework */ = {isa = PBXFileReference; lastKnownFileType = wrapper.framework; name = CoreGraphics.framework; path = System/Library/Frameworks/CoreGraphics.framework; sourceTree = SDKROOT; };
		092D2D621955BDD8004661C2 /* UIKit.framework */ = {isa = PBXFileReference; lastKnownFileType = wrapper.framework; name = UIKit.framework; path = System/Library/Frameworks/UIKit.framework; sourceTree = SDKROOT; };
		092D2D661955BDD8004661C2 /* googleDriveAPI-Info.plist */ = {isa = PBXFileReference; lastKnownFileType = text.plist.xml; path = "googleDriveAPI-Info.plist"; sourceTree = "<group>"; };
		092D2D681955BDD8004661C2 /* en */ = {isa = PBXFileReference; lastKnownFileType = text.plist.strings; name = en; path = en.lproj/InfoPlist.strings; sourceTree = "<group>"; };
		092D2D6A1955BDD8004661C2 /* main.m */ = {isa = PBXFileReference; lastKnownFileType = sourcecode.c.objc; path = main.m; sourceTree = "<group>"; };
		092D2D6C1955BDD8004661C2 /* googleDriveAPI-Prefix.pch */ = {isa = PBXFileReference; lastKnownFileType = sourcecode.c.h; path = "googleDriveAPI-Prefix.pch"; sourceTree = "<group>"; };
		092D2D6D1955BDD8004661C2 /* GDAppDelegate.h */ = {isa = PBXFileReference; lastKnownFileType = sourcecode.c.h; path = GDAppDelegate.h; sourceTree = "<group>"; };
		092D2D6E1955BDD8004661C2 /* GDAppDelegate.m */ = {isa = PBXFileReference; lastKnownFileType = sourcecode.c.objc; path = GDAppDelegate.m; sourceTree = "<group>"; };
		092D2D791955BDD8004661C2 /* Images.xcassets */ = {isa = PBXFileReference; lastKnownFileType = folder.assetcatalog; path = Images.xcassets; sourceTree = "<group>"; };
		092D2D9A1955BF5C004661C2 /* Base */ = {isa = PBXFileReference; lastKnownFileType = file.storyboard; name = Base; path = Base.lproj/GDGeneric.storyboard; sourceTree = "<group>"; };
		092D2D9C1955C947004661C2 /* GTL.xcodeproj */ = {isa = PBXFileReference; lastKnownFileType = "wrapper.pb-project"; name = GTL.xcodeproj; path = "google-api-objectivec-client-read-only/Source/GTL.xcodeproj"; sourceTree = "<group>"; };
		092D2DAC1956DD51004661C2 /* Security.framework */ = {isa = PBXFileReference; lastKnownFileType = wrapper.framework; name = Security.framework; path = System/Library/Frameworks/Security.framework; sourceTree = SDKROOT; };
		092D2DAE1956DD61004661C2 /* SystemConfiguration.framework */ = {isa = PBXFileReference; lastKnownFileType = wrapper.framework; name = SystemConfiguration.framework; path = System/Library/Frameworks/SystemConfiguration.framework; sourceTree = SDKROOT; };
		092D2DB01956DDAB004661C2 /* MobileCoreServices.framework */ = {isa = PBXFileReference; lastKnownFileType = wrapper.framework; name = MobileCoreServices.framework; path = System/Library/Frameworks/MobileCoreServices.framework; sourceTree = SDKROOT; };
		092D2DB219570055004661C2 /* GTMOAuth2ViewTouch.xib */ = {isa = PBXFileReference; fileEncoding = 4; lastKnownFileType = file.xib; name = GTMOAuth2ViewTouch.xib; path = "google-api-objectivec-client-read-only/Source/OAuth2/Touch/GTMOAuth2ViewTouch.xib"; sourceTree = SOURCE_ROOT; };
		092D2DB41957008F004661C2 /* GTLDrive.h */ = {isa = PBXFileReference; lastKnownFileType = sourcecode.c.h; name = GTLDrive.h; path = "google-api-objectivec-client-read-only/Source/Services/Drive/Generated/GTLDrive.h"; sourceTree = SOURCE_ROOT; };
		092D2DB5195700C6004661C2 /* GTLDrive_Sources.m */ = {isa = PBXFileReference; fileEncoding = 4; lastKnownFileType = sourcecode.c.objc; name = GTLDrive_Sources.m; path = "google-api-objectivec-client-read-only/Source/Services/Drive/Generated/GTLDrive_Sources.m"; sourceTree = SOURCE_ROOT; };
		092D2DB7195701BE004661C2 /* GDVC.h */ = {isa = PBXFileReference; fileEncoding = 4; lastKnownFileType = sourcecode.c.h; path = GDVC.h; sourceTree = "<group>"; };
		092D2DB8195701BE004661C2 /* GDVC.m */ = {isa = PBXFileReference; fileEncoding = 4; lastKnownFileType = sourcecode.c.objc; path = GDVC.m; sourceTree = "<group>"; };
		092D2DBE19582BCC004661C2 /* APIKey.h */ = {isa = PBXFileReference; fileEncoding = 4; lastKnownFileType = sourcecode.c.h; path = APIKey.h; sourceTree = "<group>"; };
		092D2DC019582BCC004661C2 /* Base */ = {isa = PBXFileReference; lastKnownFileType = file.storyboard; name = Base; path = Base.lproj/GDGeneric.storyboard; sourceTree = "<group>"; };
		092D2DC219582BCC004661C2 /* en */ = {isa = PBXFileReference; lastKnownFileType = text.plist.strings; name = en; path = en.lproj/InfoPlist.strings; sourceTree = "<group>"; };
		092D2DC319582BCC004661C2 /* GDAppDelegate.h */ = {isa = PBXFileReference; fileEncoding = 4; lastKnownFileType = sourcecode.c.h; path = GDAppDelegate.h; sourceTree = "<group>"; };
		092D2DC419582BCC004661C2 /* GDAppDelegate.m */ = {isa = PBXFileReference; fileEncoding = 4; lastKnownFileType = sourcecode.c.objc; path = GDAppDelegate.m; sourceTree = "<group>"; };
		092D2DC519582BCC004661C2 /* GDVC.h */ = {isa = PBXFileReference; fileEncoding = 4; lastKnownFileType = sourcecode.c.h; path = GDVC.h; sourceTree = "<group>"; };
		092D2DC619582BCC004661C2 /* GDVC.m */ = {isa = PBXFileReference; fileEncoding = 4; lastKnownFileType = sourcecode.c.objc; path = GDVC.m; sourceTree = "<group>"; };
		092D2DC719582BCC004661C2 /* googleDriveAPI-Info.plist */ = {isa = PBXFileReference; fileEncoding = 4; lastKnownFileType = text.plist.xml; path = "googleDriveAPI-Info.plist"; sourceTree = "<group>"; };
		092D2DC819582BCC004661C2 /* googleDriveAPI-Prefix.pch */ = {isa = PBXFileReference; fileEncoding = 4; lastKnownFileType = sourcecode.c.h; path = "googleDriveAPI-Prefix.pch"; sourceTree = "<group>"; };
		092D2DC919582BCC004661C2 /* Images.xcassets */ = {isa = PBXFileReference; lastKnownFileType = folder.assetcatalog; path = Images.xcassets; sourceTree = "<group>"; };
		092D2DCA19582BCC004661C2 /* main.m */ = {isa = PBXFileReference; fileEncoding = 4; lastKnownFileType = sourcecode.c.objc; path = main.m; sourceTree = "<group>"; };
		09A5932F195830B400B723D6 /* APIKey.h */ = {isa = PBXFileReference; fileEncoding = 4; lastKnownFileType = sourcecode.c.h; name = APIKey.h; path = googleDriveAPI/APIKey.h; sourceTree = "<group>"; };
/* End PBXFileReference section */

/* Begin PBXFrameworksBuildPhase section */
		092D2D581955BDD8004661C2 /* Frameworks */ = {
			isa = PBXFrameworksBuildPhase;
			buildActionMask = 2147483647;
			files = (
				092D2DD319582CFC004661C2 /* libGTLTouchStaticLib.a in Frameworks */,
				092D2DB11956DDAB004661C2 /* MobileCoreServices.framework in Frameworks */,
				092D2DAF1956DD61004661C2 /* SystemConfiguration.framework in Frameworks */,
				092D2DAD1956DD51004661C2 /* Security.framework in Frameworks */,
				092D2D611955BDD8004661C2 /* CoreGraphics.framework in Frameworks */,
				092D2D631955BDD8004661C2 /* UIKit.framework in Frameworks */,
				092D2D5F1955BDD8004661C2 /* Foundation.framework in Frameworks */,
			);
			runOnlyForDeploymentPostprocessing = 0;
		};
/* End PBXFrameworksBuildPhase section */

/* Begin PBXGroup section */
		092D2D521955BDD8004661C2 = {
			isa = PBXGroup;
			children = (
				09A5932F195830B400B723D6 /* APIKey.h */,
				092D2D641955BDD8004661C2 /* googleDriveAPI */,
				092D2D5D1955BDD8004661C2 /* Frameworks */,
				092D2D5C1955BDD8004661C2 /* Products */,
				092D2D9C1955C947004661C2 /* GTL.xcodeproj */,
			);
			sourceTree = "<group>";
		};
		092D2D5C1955BDD8004661C2 /* Products */ = {
			isa = PBXGroup;
			children = (
				092D2D5B1955BDD8004661C2 /* googleDriveAPI.app */,
			);
			name = Products;
			sourceTree = "<group>";
		};
		092D2D5D1955BDD8004661C2 /* Frameworks */ = {
			isa = PBXGroup;
			children = (
				092D2DB01956DDAB004661C2 /* MobileCoreServices.framework */,
				092D2DAE1956DD61004661C2 /* SystemConfiguration.framework */,
				092D2DAC1956DD51004661C2 /* Security.framework */,
				092D2D5E1955BDD8004661C2 /* Foundation.framework */,
				092D2D601955BDD8004661C2 /* CoreGraphics.framework */,
				092D2D621955BDD8004661C2 /* UIKit.framework */,
			);
			name = Frameworks;
			sourceTree = "<group>";
		};
		092D2D641955BDD8004661C2 /* googleDriveAPI */ = {
			isa = PBXGroup;
			children = (
				092D2DB41957008F004661C2 /* GTLDrive.h */,
				092D2DB5195700C6004661C2 /* GTLDrive_Sources.m */,
				092D2DB7195701BE004661C2 /* GDVC.h */,
				092D2DB8195701BE004661C2 /* GDVC.m */,
				092D2D991955BF5C004661C2 /* GDGeneric.storyboard */,
				092D2D791955BDD8004661C2 /* Images.xcassets */,
				092D2D651955BDD8004661C2 /* Supporting Files */,
				092D2DBD19582BCC004661C2 /* googleDriveAPI */,
			);
			path = googleDriveAPI;
			sourceTree = "<group>";
		};
		092D2D651955BDD8004661C2 /* Supporting Files */ = {
			isa = PBXGroup;
			children = (
				092D2DB219570055004661C2 /* GTMOAuth2ViewTouch.xib */,
				092D2D6D1955BDD8004661C2 /* GDAppDelegate.h */,
				092D2D6E1955BDD8004661C2 /* GDAppDelegate.m */,
				092D2D661955BDD8004661C2 /* googleDriveAPI-Info.plist */,
				092D2D671955BDD8004661C2 /* InfoPlist.strings */,
				092D2D6A1955BDD8004661C2 /* main.m */,
				092D2D6C1955BDD8004661C2 /* googleDriveAPI-Prefix.pch */,
			);
			name = "Supporting Files";
			sourceTree = "<group>";
		};
		092D2D9D1955C947004661C2 /* Products */ = {
			isa = PBXGroup;
			children = (
				092D2DA41955C947004661C2 /* GTL.framework */,
				092D2DA61955C947004661C2 /* libGTLTouchStaticLib.a */,
				092D2DA81955C947004661C2 /* GTLUnitTests.xctest */,
				092D2DAA1955C947004661C2 /* DevelopmentTestTool */,
			);
			name = Products;
			sourceTree = "<group>";
		};
		092D2DBD19582BCC004661C2 /* googleDriveAPI */ = {
			isa = PBXGroup;
			children = (
				092D2DBE19582BCC004661C2 /* APIKey.h */,
				092D2DBF19582BCC004661C2 /* GDGeneric.storyboard */,
				092D2DC119582BCC004661C2 /* InfoPlist.strings */,
				092D2DC319582BCC004661C2 /* GDAppDelegate.h */,
				092D2DC419582BCC004661C2 /* GDAppDelegate.m */,
				092D2DC519582BCC004661C2 /* GDVC.h */,
				092D2DC619582BCC004661C2 /* GDVC.m */,
				092D2DC719582BCC004661C2 /* googleDriveAPI-Info.plist */,
				092D2DC819582BCC004661C2 /* googleDriveAPI-Prefix.pch */,
				092D2DC919582BCC004661C2 /* Images.xcassets */,
				092D2DCA19582BCC004661C2 /* main.m */,
			);
			name = googleDriveAPI;
			sourceTree = "<group>";
		};
/* End PBXGroup section */

/* Begin PBXHeadersBuildPhase section */
		092D2DD519582E6C004661C2 /* Headers */ = {
			isa = PBXHeadersBuildPhase;
			buildActionMask = 2147483647;
			files = (
				09A59330195830B400B723D6 /* APIKey.h in Headers */,
			);
			runOnlyForDeploymentPostprocessing = 0;
		};
/* End PBXHeadersBuildPhase section */

/* Begin PBXNativeTarget section */
		092D2D5A1955BDD8004661C2 /* googleDriveAPI */ = {
			isa = PBXNativeTarget;
			buildConfigurationList = 092D2D901955BDD8004661C2 /* Build configuration list for PBXNativeTarget "googleDriveAPI" */;
			buildPhases = (
				092D2D571955BDD8004661C2 /* Sources */,
				092D2D581955BDD8004661C2 /* Frameworks */,
				092D2D591955BDD8004661C2 /* Resources */,
				092D2DD519582E6C004661C2 /* Headers */,
			);
			buildRules = (
			);
			dependencies = (
				092D2DBB195703B3004661C2 /* PBXTargetDependency */,
			);
			name = googleDriveAPI;
			productName = googleDriveAPI;
			productReference = 092D2D5B1955BDD8004661C2 /* googleDriveAPI.app */;
			productType = "com.apple.product-type.application";
		};
/* End PBXNativeTarget section */

/* Begin PBXProject section */
		092D2D531955BDD8004661C2 /* Project object */ = {
			isa = PBXProject;
			attributes = {
				CLASSPREFIX = GD;
				LastUpgradeCheck = 0510;
				ORGANIZATIONNAME = lagspoon;
			};
			buildConfigurationList = 092D2D561955BDD8004661C2 /* Build configuration list for PBXProject "googleDriveAPI" */;
			compatibilityVersion = "Xcode 3.2";
			developmentRegion = English;
			hasScannedForEncodings = 0;
			knownRegions = (
				en,
				Base,
			);
			mainGroup = 092D2D521955BDD8004661C2;
			productRefGroup = 092D2D5C1955BDD8004661C2 /* Products */;
			projectDirPath = "";
			projectReferences = (
				{
					ProductGroup = 092D2D9D1955C947004661C2 /* Products */;
					ProjectRef = 092D2D9C1955C947004661C2 /* GTL.xcodeproj */;
				},
			);
			projectRoot = "";
			targets = (
				092D2D5A1955BDD8004661C2 /* googleDriveAPI */,
			);
		};
/* End PBXProject section */

/* Begin PBXReferenceProxy section */
		092D2DA41955C947004661C2 /* GTL.framework */ = {
			isa = PBXReferenceProxy;
			fileType = wrapper.framework;
			path = GTL.framework;
			remoteRef = 092D2DA31955C947004661C2 /* PBXContainerItemProxy */;
			sourceTree = BUILT_PRODUCTS_DIR;
		};
		092D2DA61955C947004661C2 /* libGTLTouchStaticLib.a */ = {
			isa = PBXReferenceProxy;
			fileType = archive.ar;
			path = libGTLTouchStaticLib.a;
			remoteRef = 092D2DA51955C947004661C2 /* PBXContainerItemProxy */;
			sourceTree = BUILT_PRODUCTS_DIR;
		};
		092D2DA81955C947004661C2 /* GTLUnitTests.xctest */ = {
			isa = PBXReferenceProxy;
			fileType = wrapper.cfbundle;
			path = GTLUnitTests.xctest;
			remoteRef = 092D2DA71955C947004661C2 /* PBXContainerItemProxy */;
			sourceTree = BUILT_PRODUCTS_DIR;
		};
		092D2DAA1955C947004661C2 /* DevelopmentTestTool */ = {
			isa = PBXReferenceProxy;
			fileType = "compiled.mach-o.executable";
			path = DevelopmentTestTool;
			remoteRef = 092D2DA91955C947004661C2 /* PBXContainerItemProxy */;
			sourceTree = BUILT_PRODUCTS_DIR;
		};
/* End PBXReferenceProxy section */

/* Begin PBXResourcesBuildPhase section */
		092D2D591955BDD8004661C2 /* Resources */ = {
			isa = PBXResourcesBuildPhase;
			buildActionMask = 2147483647;
			files = (
				092D2DB319570055004661C2 /* GTMOAuth2ViewTouch.xib in Resources */,
				092D2DD019582BCC004661C2 /* Images.xcassets in Resources */,
			);
			runOnlyForDeploymentPostprocessing = 0;
		};
/* End PBXResourcesBuildPhase section */

/* Begin PBXSourcesBuildPhase section */
		092D2D571955BDD8004661C2 /* Sources */ = {
			isa = PBXSourcesBuildPhase;
			buildActionMask = 2147483647;
			files = (
				092D2D6B1955BDD8004661C2 /* main.m in Sources */,
				092D2DB9195701BE004661C2 /* GDVC.m in Sources */,
				092D2DCD19582BCC004661C2 /* GDAppDelegate.m in Sources */,
				092D2DB6195700C6004661C2 /* GTLDrive_Sources.m in Sources */,
			);
			runOnlyForDeploymentPostprocessing = 0;
		};
/* End PBXSourcesBuildPhase section */

/* Begin PBXTargetDependency section */
		092D2DBB195703B3004661C2 /* PBXTargetDependency */ = {
			isa = PBXTargetDependency;
			name = GTLTouchStaticLib;
			targetProxy = 092D2DBA195703B3004661C2 /* PBXContainerItemProxy */;
		};
/* End PBXTargetDependency section */

/* Begin PBXVariantGroup section */
		092D2D671955BDD8004661C2 /* InfoPlist.strings */ = {
			isa = PBXVariantGroup;
			children = (
				092D2D681955BDD8004661C2 /* en */,
			);
			name = InfoPlist.strings;
			sourceTree = "<group>";
		};
		092D2D991955BF5C004661C2 /* GDGeneric.storyboard */ = {
			isa = PBXVariantGroup;
			children = (
				092D2D9A1955BF5C004661C2 /* Base */,
			);
			name = GDGeneric.storyboard;
			sourceTree = "<group>";
		};
		092D2DBF19582BCC004661C2 /* GDGeneric.storyboard */ = {
			isa = PBXVariantGroup;
			children = (
				092D2DC019582BCC004661C2 /* Base */,
			);
			name = GDGeneric.storyboard;
			sourceTree = "<group>";
		};
		092D2DC119582BCC004661C2 /* InfoPlist.strings */ = {
			isa = PBXVariantGroup;
			children = (
				092D2DC219582BCC004661C2 /* en */,
			);
			name = InfoPlist.strings;
			sourceTree = "<group>";
		};
/* End PBXVariantGroup section */

/* Begin XCBuildConfiguration section */
		092D2D8E1955BDD8004661C2 /* Debug */ = {
			isa = XCBuildConfiguration;
			buildSettings = {
				ALWAYS_SEARCH_USER_PATHS = NO;
				CLANG_CXX_LANGUAGE_STANDARD = "gnu++0x";
				CLANG_CXX_LIBRARY = "libc++";
				CLANG_ENABLE_MODULES = YES;
				CLANG_ENABLE_OBJC_ARC = YES;
				CLANG_WARN_BOOL_CONVERSION = YES;
				CLANG_WARN_CONSTANT_CONVERSION = YES;
				CLANG_WARN_DIRECT_OBJC_ISA_USAGE = YES_ERROR;
				CLANG_WARN_EMPTY_BODY = YES;
				CLANG_WARN_ENUM_CONVERSION = YES;
				CLANG_WARN_INT_CONVERSION = YES;
				CLANG_WARN_OBJC_ROOT_CLASS = YES_ERROR;
				CLANG_WARN__DUPLICATE_METHOD_MATCH = YES;
				"CODE_SIGN_IDENTITY[sdk=iphoneos*]" = "iPhone Developer";
				COPY_PHASE_STRIP = NO;
				GCC_C_LANGUAGE_STANDARD = gnu99;
				GCC_DYNAMIC_NO_PIC = NO;
				GCC_OPTIMIZATION_LEVEL = 0;
				GCC_PREPROCESSOR_DEFINITIONS = (
					"DEBUG=1",
					"$(inherited)",
				);
				GCC_SYMBOLS_PRIVATE_EXTERN = NO;
				GCC_WARN_64_TO_32_BIT_CONVERSION = YES;
				GCC_WARN_ABOUT_RETURN_TYPE = YES_ERROR;
				GCC_WARN_UNDECLARED_SELECTOR = YES;
				GCC_WARN_UNINITIALIZED_AUTOS = YES_AGGRESSIVE;
				GCC_WARN_UNUSED_FUNCTION = YES;
				GCC_WARN_UNUSED_VARIABLE = YES;
				IPHONEOS_DEPLOYMENT_TARGET = 7.1;
				ONLY_ACTIVE_ARCH = YES;
				SDKROOT = iphoneos;
				TARGETED_DEVICE_FAMILY = "1,2";
			};
			name = Debug;
		};
		092D2D8F1955BDD8004661C2 /* Release */ = {
			isa = XCBuildConfiguration;
			buildSettings = {
				ALWAYS_SEARCH_USER_PATHS = NO;
				CLANG_CXX_LANGUAGE_STANDARD = "gnu++0x";
				CLANG_CXX_LIBRARY = "libc++";
				CLANG_ENABLE_MODULES = YES;
				CLANG_ENABLE_OBJC_ARC = YES;
				CLANG_WARN_BOOL_CONVERSION = YES;
				CLANG_WARN_CONSTANT_CONVERSION = YES;
				CLANG_WARN_DIRECT_OBJC_ISA_USAGE = YES_ERROR;
				CLANG_WARN_EMPTY_BODY = YES;
				CLANG_WARN_ENUM_CONVERSION = YES;
				CLANG_WARN_INT_CONVERSION = YES;
				CLANG_WARN_OBJC_ROOT_CLASS = YES_ERROR;
				CLANG_WARN__DUPLICATE_METHOD_MATCH = YES;
				"CODE_SIGN_IDENTITY[sdk=iphoneos*]" = "iPhone Developer";
				COPY_PHASE_STRIP = YES;
				ENABLE_NS_ASSERTIONS = NO;
				GCC_C_LANGUAGE_STANDARD = gnu99;
				GCC_WARN_64_TO_32_BIT_CONVERSION = YES;
				GCC_WARN_ABOUT_RETURN_TYPE = YES_ERROR;
				GCC_WARN_UNDECLARED_SELECTOR = YES;
				GCC_WARN_UNINITIALIZED_AUTOS = YES_AGGRESSIVE;
				GCC_WARN_UNUSED_FUNCTION = YES;
				GCC_WARN_UNUSED_VARIABLE = YES;
				IPHONEOS_DEPLOYMENT_TARGET = 7.1;
				SDKROOT = iphoneos;
				TARGETED_DEVICE_FAMILY = "1,2";
				VALIDATE_PRODUCT = YES;
			};
			name = Release;
		};
		092D2D911955BDD8004661C2 /* Debug */ = {
			isa = XCBuildConfiguration;
			buildSettings = {
				ASSETCATALOG_COMPILER_APPICON_NAME = AppIcon;
				ASSETCATALOG_COMPILER_LAUNCHIMAGE_NAME = LaunchImage;
				GCC_PRECOMPILE_PREFIX_HEADER = YES;
				GCC_PREFIX_HEADER = "googleDriveAPI/googleDriveAPI-Prefix.pch";
				INFOPLIST_FILE = "googleDriveAPI/googleDriveAPI-Info.plist";
				OTHER_LDFLAGS = (
					"-ObjC",
					"-all_load",
				);
				PRODUCT_NAME = "$(TARGET_NAME)";
				USER_HEADER_SEARCH_PATHS = "google-api-objectivec-client-read-only/Source/**";
				WRAPPER_EXTENSION = app;
			};
			name = Debug;
		};
		092D2D921955BDD8004661C2 /* Release */ = {
			isa = XCBuildConfiguration;
			buildSettings = {
				ASSETCATALOG_COMPILER_APPICON_NAME = AppIcon;
				ASSETCATALOG_COMPILER_LAUNCHIMAGE_NAME = LaunchImage;
				GCC_PRECOMPILE_PREFIX_HEADER = YES;
				GCC_PREFIX_HEADER = "googleDriveAPI/googleDriveAPI-Prefix.pch";
				INFOPLIST_FILE = "googleDriveAPI/googleDriveAPI-Info.plist";
				OTHER_LDFLAGS = (
					"-ObjC",
					"-all_load",
				);
				PRODUCT_NAME = "$(TARGET_NAME)";
				USER_HEADER_SEARCH_PATHS = "google-api-objectivec-client-read-only/Source/**";
				WRAPPER_EXTENSION = app;
			};
			name = Release;
		};
/* End XCBuildConfiguration section */

/* Begin XCConfigurationList section */
		092D2D561955BDD8004661C2 /* Build configuration list for PBXProject "googleDriveAPI" */ = {
			isa = XCConfigurationList;
			buildConfigurations = (
				092D2D8E1955BDD8004661C2 /* Debug */,
				092D2D8F1955BDD8004661C2 /* Release */,
			);
			defaultConfigurationIsVisible = 0;
			defaultConfigurationName = Release;
		};
		092D2D901955BDD8004661C2 /* Build configuration list for PBXNativeTarget "googleDriveAPI" */ = {
			isa = XCConfigurationList;
			buildConfigurations = (
				092D2D911955BDD8004661C2 /* Debug */,
				092D2D921955BDD8004661C2 /* Release */,
			);
			defaultConfigurationIsVisible = 0;
			defaultConfigurationName = Release;
		};
/* End XCConfigurationList section */
	};
	rootObject = 092D2D531955BDD8004661C2 /* Project object */;
}
